
Microsoft Visual Studio Solution File, Format Version 12.00
# Visual Studio 15
VisualStudioVersion = 15.0.26124.0
MinimumVisualStudioVersion = 15.0.26124.0
Project("{FAE04EC0-301F-11D3-BF4B-00C04F79EFBC}") = "TestMod", "TestMod\TestMod.csproj", "{56C0C7CD-4868-4666-AC84-79BD746EAB92}"
EndProject
Project("{FAE04EC0-301F-11D3-BF4B-00C04F79EFBC}") = "CarryCapacity", "CarryCapacity\CarryCapacity.csproj", "{CADC7FC3-7B22-4D28-98E2-BCADEC10F641}"
EndProject
Project("{FAE04EC0-301F-11D3-BF4B-00C04F79EFBC}") = "ProperTree", "ProperTree\ProperTree.csproj", "{1819E2A2-22AD-4F74-9142-50215753BA58}"
EndProject
Project("{FAE04EC0-301F-11D3-BF4B-00C04F79EFBC}") = "ProperTreeTest", "ProperTreeTest\ProperTreeTest.csproj", "{A4BB6941-78F7-4504-A8C0-6D8423C3513D}"
EndProject
Global
	GlobalSection(SolutionConfigurationPlatforms) = preSolution
		Debug|Any CPU = Debug|Any CPU
		Debug|x64 = Debug|x64
		Debug|x86 = Debug|x86
		Release|Any CPU = Release|Any CPU
		Release|x64 = Release|x64
		Release|x86 = Release|x86
	EndGlobalSection
	GlobalSection(SolutionProperties) = preSolution
		HideSolutionNode = FALSE
	EndGlobalSection
	GlobalSection(ProjectConfigurationPlatforms) = postSolution
		{56C0C7CD-4868-4666-AC84-79BD746EAB92}.Debug|Any CPU.ActiveCfg = Debug|Any CPU
		{56C0C7CD-4868-4666-AC84-79BD746EAB92}.Debug|Any CPU.Build.0 = Debug|Any CPU
		{56C0C7CD-4868-4666-AC84-79BD746EAB92}.Debug|x64.ActiveCfg = Debug|x64
		{56C0C7CD-4868-4666-AC84-79BD746EAB92}.Debug|x64.Build.0 = Debug|x64
		{56C0C7CD-4868-4666-AC84-79BD746EAB92}.Debug|x86.ActiveCfg = Debug|x86
		{56C0C7CD-4868-4666-AC84-79BD746EAB92}.Debug|x86.Build.0 = Debug|x86
		{56C0C7CD-4868-4666-AC84-79BD746EAB92}.Release|Any CPU.ActiveCfg = Release|Any CPU
		{56C0C7CD-4868-4666-AC84-79BD746EAB92}.Release|Any CPU.Build.0 = Release|Any CPU
		{56C0C7CD-4868-4666-AC84-79BD746EAB92}.Release|x64.ActiveCfg = Release|x64
		{56C0C7CD-4868-4666-AC84-79BD746EAB92}.Release|x64.Build.0 = Release|x64
		{56C0C7CD-4868-4666-AC84-79BD746EAB92}.Release|x86.ActiveCfg = Release|x86
		{56C0C7CD-4868-4666-AC84-79BD746EAB92}.Release|x86.Build.0 = Release|x86
		{CADC7FC3-7B22-4D28-98E2-BCADEC10F641}.Debug|Any CPU.ActiveCfg = Debug|Any CPU
		{CADC7FC3-7B22-4D28-98E2-BCADEC10F641}.Debug|Any CPU.Build.0 = Debug|Any CPU
		{CADC7FC3-7B22-4D28-98E2-BCADEC10F641}.Debug|x64.ActiveCfg = Debug|x64
		{CADC7FC3-7B22-4D28-98E2-BCADEC10F641}.Debug|x64.Build.0 = Debug|x64
		{CADC7FC3-7B22-4D28-98E2-BCADEC10F641}.Debug|x86.ActiveCfg = Debug|x86
		{CADC7FC3-7B22-4D28-98E2-BCADEC10F641}.Debug|x86.Build.0 = Debug|x86
		{CADC7FC3-7B22-4D28-98E2-BCADEC10F641}.Release|Any CPU.ActiveCfg = Release|Any CPU
		{CADC7FC3-7B22-4D28-98E2-BCADEC10F641}.Release|Any CPU.Build.0 = Release|Any CPU
		{CADC7FC3-7B22-4D28-98E2-BCADEC10F641}.Release|x64.ActiveCfg = Release|x64
		{CADC7FC3-7B22-4D28-98E2-BCADEC10F641}.Release|x64.Build.0 = Release|x64
		{CADC7FC3-7B22-4D28-98E2-BCADEC10F641}.Release|x86.ActiveCfg = Release|x86
		{CADC7FC3-7B22-4D28-98E2-BCADEC10F641}.Release|x86.Build.0 = Release|x86
		{1819E2A2-22AD-4F74-9142-50215753BA58}.Debug|Any CPU.ActiveCfg = Debug|Any CPU
		{1819E2A2-22AD-4F74-9142-50215753BA58}.Debug|Any CPU.Build.0 = Debug|Any CPU
		{1819E2A2-22AD-4F74-9142-50215753BA58}.Debug|x64.ActiveCfg = Debug|x64
		{1819E2A2-22AD-4F74-9142-50215753BA58}.Debug|x64.Build.0 = Debug|x64
		{1819E2A2-22AD-4F74-9142-50215753BA58}.Debug|x86.ActiveCfg = Debug|x86
		{1819E2A2-22AD-4F74-9142-50215753BA58}.Debug|x86.Build.0 = Debug|x86
		{1819E2A2-22AD-4F74-9142-50215753BA58}.Release|Any CPU.ActiveCfg = Release|Any CPU
		{1819E2A2-22AD-4F74-9142-50215753BA58}.Release|Any CPU.Build.0 = Release|Any CPU
		{1819E2A2-22AD-4F74-9142-50215753BA58}.Release|x64.ActiveCfg = Release|x64
		{1819E2A2-22AD-4F74-9142-50215753BA58}.Release|x64.Build.0 = Release|x64
		{1819E2A2-22AD-4F74-9142-50215753BA58}.Release|x86.ActiveCfg = Release|x86
		{1819E2A2-22AD-4F74-9142-50215753BA58}.Release|x86.Build.0 = Release|x86
		{A4BB6941-78F7-4504-A8C0-6D8423C3513D}.Debug|Any CPU.ActiveCfg = Debug|Any CPU
		{A4BB6941-78F7-4504-A8C0-6D8423C3513D}.Debug|Any CPU.Build.0 = Debug|Any CPU
		{A4BB6941-78F7-4504-A8C0-6D8423C3513D}.Debug|x64.ActiveCfg = Debug|x64
		{A4BB6941-78F7-4504-A8C0-6D8423C3513D}.Debug|x64.Build.0 = Debug|x64
		{A4BB6941-78F7-4504-A8C0-6D8423C3513D}.Debug|x86.ActiveCfg = Debug|x86
		{A4BB6941-78F7-4504-A8C0-6D8423C3513D}.Debug|x86.Build.0 = Debug|x86
		{A4BB6941-78F7-4504-A8C0-6D8423C3513D}.Release|Any CPU.ActiveCfg = Release|Any CPU
		{A4BB6941-78F7-4504-A8C0-6D8423C3513D}.Release|Any CPU.Build.0 = Release|Any CPU
		{A4BB6941-78F7-4504-A8C0-6D8423C3513D}.Release|x64.ActiveCfg = Release|x64
		{A4BB6941-78F7-4504-A8C0-6D8423C3513D}.Release|x64.Build.0 = Release|x64
		{A4BB6941-78F7-4504-A8C0-6D8423C3513D}.Release|x86.ActiveCfg = Release|x86
		{A4BB6941-78F7-4504-A8C0-6D8423C3513D}.Release|x86.Build.0 = Release|x86
	EndGlobalSection
EndGlobal
